// !$*UTF8*$!
{
	archiveVersion = 1;
	classes = {
	};
	objectVersion = 46;
	objects = {

/* Begin PBXBuildFile section */
		212657781BD0312800128989 /* AppDelegate.swift in Sources */ = {isa = PBXBuildFile; fileRef = 212657771BD0312800128989 /* AppDelegate.swift */; };
		2126577F1BD0312800128989 /* Assets.xcassets in Resources */ = {isa = PBXBuildFile; fileRef = 2126577E1BD0312800128989 /* Assets.xcassets */; };
		212657821BD0312800128989 /* LaunchScreen.storyboard in Resources */ = {isa = PBXBuildFile; fileRef = 212657801BD0312800128989 /* LaunchScreen.storyboard */; };
		2126578D1BD0319A00128989 /* Main.storyboard in Resources */ = {isa = PBXBuildFile; fileRef = 2126578C1BD0319A00128989 /* Main.storyboard */; settings = {ASSET_TAGS = (); }; };
		212657901BD031C900128989 /* ContextViewController.swift in Sources */ = {isa = PBXBuildFile; fileRef = 2126578E1BD031C900128989 /* ContextViewController.swift */; settings = {ASSET_TAGS = (); }; };
		212657911BD031C900128989 /* ModalViewController.swift in Sources */ = {isa = PBXBuildFile; fileRef = 2126578F1BD031C900128989 /* ModalViewController.swift */; settings = {ASSET_TAGS = (); }; };
/* End PBXBuildFile section */

/* Begin PBXFileReference section */
		212657741BD0312800128989 /* Presentations.app */ = {isa = PBXFileReference; explicitFileType = wrapper.application; includeInIndex = 0; path = Presentations.app; sourceTree = BUILT_PRODUCTS_DIR; };
		212657771BD0312800128989 /* AppDelegate.swift */ = {isa = PBXFileReference; lastKnownFileType = sourcecode.swift; path = AppDelegate.swift; sourceTree = "<group>"; };
		2126577E1BD0312800128989 /* Assets.xcassets */ = {isa = PBXFileReference; lastKnownFileType = folder.assetcatalog; path = Assets.xcassets; sourceTree = "<group>"; };
		212657811BD0312800128989 /* Base */ = {isa = PBXFileReference; lastKnownFileType = file.storyboard; name = Base; path = Base.lproj/LaunchScreen.storyboard; sourceTree = "<group>"; };
		212657831BD0312800128989 /* Info.plist */ = {isa = PBXFileReference; lastKnownFileType = text.plist.xml; path = Info.plist; sourceTree = "<group>"; };
		2126578C1BD0319A00128989 /* Main.storyboard */ = {isa = PBXFileReference; fileEncoding = 4; lastKnownFileType = file.storyboard; path = Main.storyboard; sourceTree = "<group>"; };
		2126578E1BD031C900128989 /* ContextViewController.swift */ = {isa = PBXFileReference; fileEncoding = 4; lastKnownFileType = sourcecode.swift; path = ContextViewController.swift; sourceTree = "<group>"; };
		2126578F1BD031C900128989 /* ModalViewController.swift */ = {isa = PBXFileReference; fileEncoding = 4; lastKnownFileType = sourcecode.swift; path = ModalViewController.swift; sourceTree = "<group>"; };
/* End PBXFileReference section */

/* Begin PBXFrameworksBuildPhase section */
		212657711BD0312800128989 /* Frameworks */ = {
			isa = PBXFrameworksBuildPhase;
			buildActionMask = 2147483647;
			files = (
			);
			runOnlyForDeploymentPostprocessing = 0;
		};
/* End PBXFrameworksBuildPhase section */

/* Begin PBXGroup section */
		2126576B1BD0312800128989 = {
			isa = PBXGroup;
			children = (
				212657761BD0312800128989 /* Presentations */,
				212657751BD0312800128989 /* Products */,
			);
			sourceTree = "<group>";
		};
		212657751BD0312800128989 /* Products */ = {
			isa = PBXGroup;
			children = (
				212657741BD0312800128989 /* Presentations.app */,
			);
			name = Products;
			sourceTree = "<group>";
		};
		212657761BD0312800128989 /* Presentations */ = {
			isa = PBXGroup;
			children = (
				212657771BD0312800128989 /* AppDelegate.swift */,
				2126578E1BD031C900128989 /* ContextViewController.swift */,
				2126578F1BD031C900128989 /* ModalViewController.swift */,
				2126578C1BD0319A00128989 /* Main.storyboard */,
				212657801BD0312800128989 /* LaunchScreen.storyboard */,
				2126577E1BD0312800128989 /* Assets.xcassets */,
				212657831BD0312800128989 /* Info.plist */,
			);
			path = Presentations;
			sourceTree = "<group>";
		};
/* End PBXGroup section */

/* Begin PBXNativeTarget section */
		212657731BD0312800128989 /* Presentations */ = {
			isa = PBXNativeTarget;
			buildConfigurationList = 212657861BD0312800128989 /* Build configuration list for PBXNativeTarget "Presentations" */;
			buildPhases = (
				212657701BD0312800128989 /* Sources */,
				212657711BD0312800128989 /* Frameworks */,
				212657721BD0312800128989 /* Resources */,
			);
			buildRules = (
			);
			dependencies = (
			);
			name = Presentations;
			productName = Presentations;
			productReference = 212657741BD0312800128989 /* Presentations.app */;
			productType = "com.apple.product-type.application";
		};
/* End PBXNativeTarget section */

/* Begin PBXProject section */
		2126576C1BD0312800128989 /* Project object */ = {
			isa = PBXProject;
			attributes = {
				LastUpgradeCheck = 0700;
				ORGANIZATIONNAME = aj;
				TargetAttributes = {
					212657731BD0312800128989 = {
						CreatedOnToolsVersion = 7.0.1;
					};
				};
			};
			buildConfigurationList = 2126576F1BD0312800128989 /* Build configuration list for PBXProject "Presentations" */;
			compatibilityVersion = "Xcode 3.2";
			developmentRegion = English;
			hasScannedForEncodings = 0;
			knownRegions = (
				en,
				Base,
			);
			mainGroup = 2126576B1BD0312800128989;
			productRefGroup = 212657751BD0312800128989 /* Products */;
			projectDirPath = "";
			projectRoot = "";
			targets = (
				212657731BD0312800128989 /* Presentations */,
			);
		};
/* End PBXProject section */

/* Begin PBXResourcesBuildPhase section */
		212657721BD0312800128989 /* Resources */ = {
			isa = PBXResourcesBuildPhase;
			buildActionMask = 2147483647;
			files = (
				2126578D1BD0319A00128989 /* Main.storyboard in Resources */,
				212657821BD0312800128989 /* LaunchScreen.storyboard in Resources */,
				2126577F1BD0312800128989 /* Assets.xcassets in Resources */,
			);
			runOnlyForDeploymentPostprocessing = 0;
		};
/* End PBXResourcesBuildPhase section */

/* Begin PBXSourcesBuildPhase section */
		212657701BD0312800128989 /* Sources */ = {
			isa = PBXSourcesBuildPhase;
			buildActionMask = 2147483647;
			files = (
				212657911BD031C900128989 /* ModalViewController.swift in Sources */,
				212657781BD0312800128989 /* AppDelegate.swift in Sources */,
				212657901BD031C900128989 /* ContextViewController.swift in Sources */,
			);
			runOnlyForDeploymentPostprocessing = 0;
		};
/* End PBXSourcesBuildPhase section */

/* Begin PBXVariantGroup section */
		212657801BD0312800128989 /* LaunchScreen.storyboard */ = {
			isa = PBXVariantGroup;
			children = (
				212657811BD0312800128989 /* Base */,
			);
			name = LaunchScreen.storyboard;
			sourceTree = "<group>";
		};
/* End PBXVariantGroup section */

/* Begin XCBuildConfiguration section */
		212657841BD0312800128989 /* Debug */ = {
			isa = XCBuildConfiguration;
			buildSettings = {
				ALWAYS_SEARCH_USER_PATHS = NO;
				CLANG_CXX_LANGUAGE_STANDARD = "gnu++0x";
				CLANG_CXX_LIBRARY = "libc++";
				CLANG_ENABLE_MODULES = YES;
				CLANG_ENABLE_OBJC_ARC = YES;
				CLANG_WARN_BOOL_CONVERSION = YES;
				CLANG_WARN_CONSTANT_CONVERSION = YES;
				CLANG_WARN_DIRECT_OBJC_ISA_USAGE = YES_ERROR;
				CLANG_WARN_EMPTY_BODY = YES;
				CLANG_WARN_ENUM_CONVERSION = YES;
				CLANG_WARN_INT_CONVERSION = YES;
				CLANG_WARN_OBJC_ROOT_CLASS = YES_ERROR;
				CLANG_WARN_UNREACHABLE_CODE = YES;
				CLANG_WARN__DUPLICATE_METHOD_MATCH = YES;
				"CODE_SIGN_IDENTITY[sdk=iphoneos*]" = "iPhone Developer";
				COPY_PHASE_STRIP = NO;
				DEBUG_INFORMATION_FORMAT = dwarf;
				ENABLE_STRICT_OBJC_MSGSEND = YES;
				ENABLE_TESTABILITY = YES;
				GCC_C_LANGUAGE_STANDARD = gnu99;
				GCC_DYNAMIC_NO_PIC = NO;
				GCC_NO_COMMON_BLOCKS = YES;
				GCC_OPTIMIZATION_LEVEL = 0;
				GCC_PREPROCESSOR_DEFINITIONS = (
					"DEBUG=1",
					"$(inherited)",
				);
				GCC_WARN_64_TO_32_BIT_CONVERSION = YES;
				GCC_WARN_ABOUT_RETURN_TYPE = YES_ERROR;
				GCC_WARN_UNDECLARED_SELECTOR = YES;
				GCC_WARN_UNINITIALIZED_AUTOS = YES_AGGRESSIVE;
				GCC_WARN_UNUSED_FUNCTION = YES;
				GCC_WARN_UNUSED_VARIABLE = YES;
				IPHONEOS_DEPLOYMENT_TARGET = 9.0;
				MTL_ENABLE_DEBUG_INFO = YES;
				ONLY_ACTIVE_ARCH = YES;
				SDKROOT = iphoneos;
				SWIFT_OPTIMIZATION_LEVEL = "-Onone";
				TARGETED_DEVICE_FAMILY = "1,2";
			};
			name = Debug;
		};
		212657851BD0312800128989 /* Release */ = {
			isa = XCBuildConfiguration;
			buildSettings = {
				ALWAYS_SEARCH_USER_PATHS = NO;
				CLANG_CXX_LANGUAGE_STANDARD = "gnu++0x";
				CLANG_CXX_LIBRARY = "libc++";
				CLANG_ENABLE_MODULES = YES;
				CLANG_ENABLE_OBJC_ARC = YES;
				CLANG_WARN_BOOL_CONVERSION = YES;
				CLANG_WARN_CONSTANT_CONVERSION = YES;
				CLANG_WARN_DIRECT_OBJC_ISA_USAGE = YES_ERROR;
				CLANG_WARN_EMPTY_BODY = YES;
				CLANG_WARN_ENUM_CONVERSION = YES;
				CLANG_WARN_INT_CONVERSION = YES;
				CLANG_WARN_OBJC_ROOT_CLASS = YES_ERROR;
				CLANG_WARN_UNREACHABLE_CODE = YES;
				CLANG_WARN__DUPLICATE_METHOD_MATCH = YES;
				"CODE_SIGN_IDENTITY[sdk=iphoneos*]" = "iPhone Developer";
				COPY_PHASE_STRIP = NO;
				DEBUG_INFORMATION_FORMAT = "dwarf-with-dsym";
				ENABLE_NS_ASSERTIONS = NO;
				ENABLE_STRICT_OBJC_MSGSEND = YES;
				GCC_C_LANGUAGE_STANDARD = gnu99;
				GCC_NO_COMMON_BLOCKS = YES;
				GCC_WARN_64_TO_32_BIT_CONVERSION = YES;
				GCC_WARN_ABOUT_RETURN_TYPE = YES_ERROR;
				GCC_WARN_UNDECLARED_SELECTOR = YES;
				GCC_WARN_UNINITIALIZED_AUTOS = YES_AGGRESSIVE;
				GCC_WARN_UNUSED_FUNCTION = YES;
				GCC_WARN_UNUSED_VARIABLE = YES;
				IPHONEOS_DEPLOYMENT_TARGET = 9.0;
				MTL_ENABLE_DEBUG_INFO = NO;
				SDKROOT = iphoneos;
				TARGETED_DEVICE_FAMILY = "1,2";
				VALIDATE_PRODUCT = YES;
			};
			name = Release;
		};
		212657871BD0312800128989 /* Debug */ = {
			isa = XCBuildConfiguration;
			buildSettings = {
				ASSETCATALOG_COMPILER_APPICON_NAME = AppIcon;
				INFOPLIST_FILE = Presentations/Info.plist;
				LD_RUNPATH_SEARCH_PATHS = "$(inherited) @executable_path/Frameworks";
				PRODUCT_BUNDLE_IDENTIFIER = com.aj.Presentations;
				PRODUCT_NAME = "$(TARGET_NAME)";
			};
			name = Debug;
		};
		212657881BD0312800128989 /* Release */ = {
			isa = XCBuildConfiguration;
			buildSettings = {
				ASSETCATALOG_COMPILER_APPICON_NAME = AppIcon;
				INFOPLIST_FILE = Presentations/Info.plist;
				LD_RUNPATH_SEARCH_PATHS = "$(inherited) @executable_path/Frameworks";
				PRODUCT_BUNDLE_IDENTIFIER = com.aj.Presentations;
				PRODUCT_NAME = "$(TARGET_NAME)";
			};
			name = Release;
		};
/* End XCBuildConfiguration section */

/* Begin XCConfigurationList section */
		2126576F1BD0312800128989 /* Build configuration list for PBXProject "Presentations" */ = {
			isa = XCConfigurationList;
			buildConfigurations = (
				212657841BD0312800128989 /* Debug */,
				212657851BD0312800128989 /* Release */,
			);
			defaultConfigurationIsVisible = 0;
			defaultConfigurationName = Release;
		};
		212657861BD0312800128989 /* Build configuration list for PBXNativeTarget "Presentations" */ = {
			isa = XCConfigurationList;
			buildConfigurations = (
				212657871BD0312800128989 /* Debug */,
				212657881BD0312800128989 /* Release */,
			);
			defaultConfigurationIsVisible = 0;
		};
/* End XCConfigurationList section */
	};
	rootObject = 2126576C1BD0312800128989 /* Project object */;
}
